{
  "name": "@dimensiondev/mask-wallet-core",
  "version": "0.0.0",
  "lockfileVersion": 2,
  "requires": true,
  "packages": {
    "": {
      "name": "@dimensiondev/mask-wallet-core",
      "version": "0.0.0",
      "license": "MIT",
      "peerDependencies": {
        "@protobuf-ts/runtime": ">= 1.0.13"
      }
    },
    "node_modules/@protobuf-ts/runtime": {
      "version": "1.0.13",
      "resolved": "https://registry.npmjs.org/@protobuf-ts/runtime/-/runtime-1.0.13.tgz",
      "integrity": "sha512-uvYYBUtG4eCYMxo+mzxN8SHvpL/l7PbHEmOpXEnDCwBj/wJ+Ezj8+TlEFjjRWpnFidka+SMdDOXPWSyJv2iNAw==",
      "peer": true
    }
  },
  "dependencies": {
    "@protobuf-ts/runtime": {
      "version": "1.0.13",
      "resolved": "https://registry.npmjs.org/@protobuf-ts/runtime/-/runtime-1.0.13.tgz",
      "integrity": "sha512-uvYYBUtG4eCYMxo+mzxN8SHvpL/l7PbHEmOpXEnDCwBj/wJ+Ezj8+TlEFjjRWpnFidka+SMdDOXPWSyJv2iNAw==",
      "peer": true
    }
  }
}
