{
  "name": "@dimensiondev/mask-wallet-core",
  "version": "0.0.0",
  "lockfileVersion": 2,
  "requires": true,
  "packages": {
    "": {
      "name": "@dimensiondev/mask-wallet-core",
      "version": "0.0.0",
      "license": "MIT",
      "devDependencies": {
        "@protobuf-ts/plugin": "^1.0.13"
      }
    },
    "node_modules/@protobuf-ts/plugin": {
      "version": "1.0.13",
      "resolved": "https://registry.npmjs.org/@protobuf-ts/plugin/-/plugin-1.0.13.tgz",
      "integrity": "sha512-1jUJ+EYa57YVJhmgroA6y5CJ+vFvbOI9rdOKXx/Q5ngbT6QnKvZHCD3lImjtfGIO92VqcxJVZj2uch3qykSIlA==",
      "dev": true,
      "dependencies": {
        "@protobuf-ts/plugin-framework": "^1.0.13",
        "@protobuf-ts/protoc": "^1.0.13",
        "@protobuf-ts/runtime": "^1.0.13",
        "typescript": ">=3.8.3 <4"
      },
      "bin": {
        "protoc-gen-dump": "bin/protoc-gen-dump",
        "protoc-gen-ts": "bin/protoc-gen-ts"
      }
    },
    "node_modules/@protobuf-ts/plugin-framework": {
      "version": "1.0.13",
      "resolved": "https://registry.npmjs.org/@protobuf-ts/plugin-framework/-/plugin-framework-1.0.13.tgz",
      "integrity": "sha512-Wvopo8tKh+lfqZK2A7kEygYhvsTMcbzm7r78mBylMBYBNY31ojwW00koF2Tgb0RZ0yGGUik/pWb6P2DWEiRB1g==",
      "dev": true,
      "dependencies": {
        "@protobuf-ts/runtime": "^1.0.13",
        "typescript": ">=3.8.3 <4"
      }
    },
    "node_modules/@protobuf-ts/protoc": {
      "version": "1.0.13",
      "resolved": "https://registry.npmjs.org/@protobuf-ts/protoc/-/protoc-1.0.13.tgz",
      "integrity": "sha512-lkHJ1va6473+mP3OJvVs0ioXeiuNpyDXfDPbfqgRCgqRQwqHhAmtj5OnlHrPopIKVX+Y9oW8bc2xityOt4HVLg==",
      "dev": true,
      "bin": {
        "protoc": "protoc.js"
      }
    },
    "node_modules/@protobuf-ts/runtime": {
      "version": "1.0.13",
      "resolved": "https://registry.npmjs.org/@protobuf-ts/runtime/-/runtime-1.0.13.tgz",
      "integrity": "sha512-uvYYBUtG4eCYMxo+mzxN8SHvpL/l7PbHEmOpXEnDCwBj/wJ+Ezj8+TlEFjjRWpnFidka+SMdDOXPWSyJv2iNAw==",
      "dev": true
    },
    "node_modules/typescript": {
      "version": "3.9.9",
      "resolved": "https://registry.npmjs.org/typescript/-/typescript-3.9.9.tgz",
      "integrity": "sha512-kdMjTiekY+z/ubJCATUPlRDl39vXYiMV9iyeMuEuXZh2we6zz80uovNN2WlAxmmdE/Z/YQe+EbOEXB5RHEED3w==",
      "dev": true,
      "bin": {
        "tsc": "bin/tsc",
        "tsserver": "bin/tsserver"
      },
      "engines": {
        "node": ">=4.2.0"
      }
    }
  },
  "dependencies": {
    "@protobuf-ts/plugin": {
      "version": "1.0.13",
      "resolved": "https://registry.npmjs.org/@protobuf-ts/plugin/-/plugin-1.0.13.tgz",
      "integrity": "sha512-1jUJ+EYa57YVJhmgroA6y5CJ+vFvbOI9rdOKXx/Q5ngbT6QnKvZHCD3lImjtfGIO92VqcxJVZj2uch3qykSIlA==",
      "dev": true,
      "requires": {
        "@protobuf-ts/plugin-framework": "^1.0.13",
        "@protobuf-ts/protoc": "^1.0.13",
        "@protobuf-ts/runtime": "^1.0.13",
        "typescript": ">=3.8.3 <4"
      }
    },
    "@protobuf-ts/plugin-framework": {
      "version": "1.0.13",
      "resolved": "https://registry.npmjs.org/@protobuf-ts/plugin-framework/-/plugin-framework-1.0.13.tgz",
      "integrity": "sha512-Wvopo8tKh+lfqZK2A7kEygYhvsTMcbzm7r78mBylMBYBNY31ojwW00koF2Tgb0RZ0yGGUik/pWb6P2DWEiRB1g==",
      "dev": true,
      "requires": {
        "@protobuf-ts/runtime": "^1.0.13",
        "typescript": ">=3.8.3 <4"
      }
    },
    "@protobuf-ts/protoc": {
      "version": "1.0.13",
      "resolved": "https://registry.npmjs.org/@protobuf-ts/protoc/-/protoc-1.0.13.tgz",
      "integrity": "sha512-lkHJ1va6473+mP3OJvVs0ioXeiuNpyDXfDPbfqgRCgqRQwqHhAmtj5OnlHrPopIKVX+Y9oW8bc2xityOt4HVLg==",
      "dev": true
    },
    "@protobuf-ts/runtime": {
      "version": "1.0.13",
      "resolved": "https://registry.npmjs.org/@protobuf-ts/runtime/-/runtime-1.0.13.tgz",
      "integrity": "sha512-uvYYBUtG4eCYMxo+mzxN8SHvpL/l7PbHEmOpXEnDCwBj/wJ+Ezj8+TlEFjjRWpnFidka+SMdDOXPWSyJv2iNAw==",
      "dev": true
    },
    "typescript": {
      "version": "3.9.9",
      "resolved": "https://registry.npmjs.org/typescript/-/typescript-3.9.9.tgz",
      "integrity": "sha512-kdMjTiekY+z/ubJCATUPlRDl39vXYiMV9iyeMuEuXZh2we6zz80uovNN2WlAxmmdE/Z/YQe+EbOEXB5RHEED3w==",
      "dev": true
    }
  }
}
